
Microsoft Visual Studio Solution File, Format Version 12.00
# Visual Studio Version 17
VisualStudioVersion = 17.12.35707.178
MinimumVisualStudioVersion = 10.0.40219.1
Project("{2150E333-8FDC-42A3-9474-1A3956D46DE8}") = "BuildingBlocks", "BuildingBlocks", "{BA9B0999-A11B-4D6E-8780-A18588A6B532}"
EndProject
Project("{FAE04EC0-301F-11D3-BF4B-00C04F79EFBC}") = "BuildingBlocks.Application", "BuildingBlocks\BuildingBlocks.Application\BuildingBlocks.Application.csproj", "{3CA60B8D-6700-46D7-8FEF-E7D947F08DD7}"
EndProject
Project("{FAE04EC0-301F-11D3-BF4B-00C04F79EFBC}") = "BuildingBlocks.Domain", "BuildingBlocks\BuildingBlocks.Domain\BuildingBlocks.Domain.csproj", "{DB863973-4DD3-44FA-8D54-8BF3590A4F34}"
EndProject
Project("{FAE04EC0-301F-11D3-BF4B-00C04F79EFBC}") = "BuildingBlocks.Infrastructure", "BuildingBlocks\BuildingBlocks.Infrastructure\BuildingBlocks.Infrastructure.csproj", "{B13B3B73-5730-4A75-8C19-F3378E8B91E8}"
EndProject
Project("{2150E333-8FDC-42A3-9474-1A3956D46DE8}") = "Host", "Host", "{9C229CF1-1C85-4912-99E9-EC9C5FB4FFBE}"
EndProject
Project("{FAE04EC0-301F-11D3-BF4B-00C04F79EFBC}") = "WebHost", "Host\WebHost\WebHost.csproj", "{39034758-94EB-4021-AE20-2CB3D5AC27CD}"
EndProject
Project("{2150E333-8FDC-42A3-9474-1A3956D46DE8}") = "Services", "Services", "{02EA681E-C7D8-13C7-8484-4AC65E1B71E8}"
EndProject
Project("{2150E333-8FDC-42A3-9474-1A3956D46DE8}") = "DictionaryService", "DictionaryService", "{E4584429-F478-462C-A74F-D0BEB07B4D44}"
EndProject
Project("{FAE04EC0-301F-11D3-BF4B-00C04F79EFBC}") = "DictionaryService.Api", "Services\DictionaryService\DictionaryService.Api\DictionaryService.Api.csproj", "{1E48864B-B20F-49E7-9653-4B9E2084AE53}"
EndProject
Project("{FAE04EC0-301F-11D3-BF4B-00C04F79EFBC}") = "DictionaryService.Application", "Services\DictionaryService\DictionaryService.Application\DictionaryService.Application.csproj", "{A7971E70-C009-4A70-BDE0-A81C432FE1CE}"
EndProject
Project("{FAE04EC0-301F-11D3-BF4B-00C04F79EFBC}") = "DictionaryService.Domain", "Services\DictionaryService\DictionaryService.Domain\DictionaryService.Domain.csproj", "{0CC48ECA-3482-4824-9283-404679F3F907}"
EndProject
Project("{FAE04EC0-301F-11D3-BF4B-00C04F79EFBC}") = "DictionaryService.Infrastructure", "Services\DictionaryService\DictionaryService.Infrastructure\DictionaryService.Infrastructure.csproj", "{FED4767E-4FE8-41BE-B22E-604630948340}"
EndProject
Project("{2150E333-8FDC-42A3-9474-1A3956D46DE8}") = "MediaService", "MediaService", "{F075C79B-581D-4AA0-9DDE-925080A1F9CE}"
EndProject
Project("{FAE04EC0-301F-11D3-BF4B-00C04F79EFBC}") = "MediaService.Api", "Services\MediaService\MediaService.Api\MediaService.Api.csproj", "{83CE1508-56D5-4028-B14D-2DE3D224F09E}"
EndProject
Project("{FAE04EC0-301F-11D3-BF4B-00C04F79EFBC}") = "MediaService.Application", "Services\MediaService\MediaService.Application\MediaService.Application.csproj", "{60952B83-81D4-4FCE-8F75-25E5D8BDFBDC}"
EndProject
Project("{FAE04EC0-301F-11D3-BF4B-00C04F79EFBC}") = "MediaService.Domain", "Services\MediaService\MediaService.Domain\MediaService.Domain.csproj", "{EE754908-FF8D-4FF4-A3F5-10173A547AA7}"
EndProject
Project("{FAE04EC0-301F-11D3-BF4B-00C04F79EFBC}") = "MediaService.Infrastructure", "Services\MediaService\MediaService.Infrastructure\MediaService.Infrastructure.csproj", "{C9412FC0-F307-4D50-BCEC-DB6E95A1CC53}"
EndProject
Project("{2150E333-8FDC-42A3-9474-1A3956D46DE8}") = "VocabularyService", "VocabularyService", "{90F3A367-5223-41F7-B4DB-BE152BF9B3D8}"
EndProject
Project("{FAE04EC0-301F-11D3-BF4B-00C04F79EFBC}") = "VocabularyService.Api", "Services\VocabularyService\VocabularyService.Api\VocabularyService.Api.csproj", "{1B375694-27DF-41A7-8F66-96072A86F808}"
EndProject
Project("{FAE04EC0-301F-11D3-BF4B-00C04F79EFBC}") = "VocabularyService.Application", "Services\VocabularyService\VocabularyService.Application\VocabularyService.Application.csproj", "{AD92E438-4842-4C74-84F2-F43F59A10D58}"
EndProject
Project("{FAE04EC0-301F-11D3-BF4B-00C04F79EFBC}") = "VocabularyService.Domain", "Services\VocabularyService\VocabularyService.Domain\VocabularyService.Domain.csproj", "{0E34DD22-2D74-4062-B3BC-EA7DB00C2B84}"
EndProject
Project("{FAE04EC0-301F-11D3-BF4B-00C04F79EFBC}") = "VocabularyService.Infrastructure", "Services\VocabularyService\VocabularyService.Infrastructure\VocabularyService.Infrastructure.csproj", "{68AFDABA-0B51-46A4-BEC9-40F454E01D47}"
EndProject
Project("{FAE04EC0-301F-11D3-BF4B-00C04F79EFBC}") = "Vocabi.Domain", "Vocabi.Domain\Vocabi.Domain.csproj", "{DC28D1EA-6429-480E-A296-C6AB8FF797AF}"
EndProject
Project("{FAE04EC0-301F-11D3-BF4B-00C04F79EFBC}") = "Vocabi.Application", "Vocabi.Application\Vocabi.Application.csproj", "{BBA4858A-B107-4004-B4F9-9242496E9665}"
EndProject
Project("{FAE04EC0-301F-11D3-BF4B-00C04F79EFBC}") = "Vocabi.Infrastructure", "Vocabi.Infrastructure\Vocabi.Infrastructure.csproj", "{AE0121B2-43B4-4A12-98DB-E848C7BB9D3C}"
EndProject
Project("{FAE04EC0-301F-11D3-BF4B-00C04F79EFBC}") = "Vocabi.Shared", "Vocabi.Shared\Vocabi.Shared.csproj", "{80E4D7BC-60E4-42BE-A135-216944BCA55E}"
EndProject
Project("{FAE04EC0-301F-11D3-BF4B-00C04F79EFBC}") = "BuildingBlocks.Common", "BuildingBlocks.Common\BuildingBlocks.Common.csproj", "{206026CE-849A-4656-AAD2-C871AF80CA2C}"
EndProject
Global
	GlobalSection(SolutionConfigurationPlatforms) = preSolution
		Debug|Any CPU = Debug|Any CPU
		Release|Any CPU = Release|Any CPU
	EndGlobalSection
	GlobalSection(ProjectConfigurationPlatforms) = postSolution
		{3CA60B8D-6700-46D7-8FEF-E7D947F08DD7}.Debug|Any CPU.ActiveCfg = Debug|Any CPU
		{3CA60B8D-6700-46D7-8FEF-E7D947F08DD7}.Debug|Any CPU.Build.0 = Debug|Any CPU
		{3CA60B8D-6700-46D7-8FEF-E7D947F08DD7}.Release|Any CPU.ActiveCfg = Release|Any CPU
		{3CA60B8D-6700-46D7-8FEF-E7D947F08DD7}.Release|Any CPU.Build.0 = Release|Any CPU
		{DB863973-4DD3-44FA-8D54-8BF3590A4F34}.Debug|Any CPU.ActiveCfg = Debug|Any CPU
		{DB863973-4DD3-44FA-8D54-8BF3590A4F34}.Debug|Any CPU.Build.0 = Debug|Any CPU
		{DB863973-4DD3-44FA-8D54-8BF3590A4F34}.Release|Any CPU.ActiveCfg = Release|Any CPU
		{DB863973-4DD3-44FA-8D54-8BF3590A4F34}.Release|Any CPU.Build.0 = Release|Any CPU
		{B13B3B73-5730-4A75-8C19-F3378E8B91E8}.Debug|Any CPU.ActiveCfg = Debug|Any CPU
		{B13B3B73-5730-4A75-8C19-F3378E8B91E8}.Debug|Any CPU.Build.0 = Debug|Any CPU
		{B13B3B73-5730-4A75-8C19-F3378E8B91E8}.Release|Any CPU.ActiveCfg = Release|Any CPU
		{B13B3B73-5730-4A75-8C19-F3378E8B91E8}.Release|Any CPU.Build.0 = Release|Any CPU
		{39034758-94EB-4021-AE20-2CB3D5AC27CD}.Debug|Any CPU.ActiveCfg = Debug|Any CPU
		{39034758-94EB-4021-AE20-2CB3D5AC27CD}.Debug|Any CPU.Build.0 = Debug|Any CPU
		{39034758-94EB-4021-AE20-2CB3D5AC27CD}.Release|Any CPU.ActiveCfg = Release|Any CPU
		{39034758-94EB-4021-AE20-2CB3D5AC27CD}.Release|Any CPU.Build.0 = Release|Any CPU
		{1E48864B-B20F-49E7-9653-4B9E2084AE53}.Debug|Any CPU.ActiveCfg = Debug|Any CPU
		{1E48864B-B20F-49E7-9653-4B9E2084AE53}.Debug|Any CPU.Build.0 = Debug|Any CPU
		{1E48864B-B20F-49E7-9653-4B9E2084AE53}.Release|Any CPU.ActiveCfg = Release|Any CPU
		{1E48864B-B20F-49E7-9653-4B9E2084AE53}.Release|Any CPU.Build.0 = Release|Any CPU
		{A7971E70-C009-4A70-BDE0-A81C432FE1CE}.Debug|Any CPU.ActiveCfg = Debug|Any CPU
		{A7971E70-C009-4A70-BDE0-A81C432FE1CE}.Debug|Any CPU.Build.0 = Debug|Any CPU
		{A7971E70-C009-4A70-BDE0-A81C432FE1CE}.Release|Any CPU.ActiveCfg = Release|Any CPU
		{A7971E70-C009-4A70-BDE0-A81C432FE1CE}.Release|Any CPU.Build.0 = Release|Any CPU
		{0CC48ECA-3482-4824-9283-404679F3F907}.Debug|Any CPU.ActiveCfg = Debug|Any CPU
		{0CC48ECA-3482-4824-9283-404679F3F907}.Debug|Any CPU.Build.0 = Debug|Any CPU
		{0CC48ECA-3482-4824-9283-404679F3F907}.Release|Any CPU.ActiveCfg = Release|Any CPU
		{0CC48ECA-3482-4824-9283-404679F3F907}.Release|Any CPU.Build.0 = Release|Any CPU
		{FED4767E-4FE8-41BE-B22E-604630948340}.Debug|Any CPU.ActiveCfg = Debug|Any CPU
		{FED4767E-4FE8-41BE-B22E-604630948340}.Debug|Any CPU.Build.0 = Debug|Any CPU
		{FED4767E-4FE8-41BE-B22E-604630948340}.Release|Any CPU.ActiveCfg = Release|Any CPU
		{FED4767E-4FE8-41BE-B22E-604630948340}.Release|Any CPU.Build.0 = Release|Any CPU
		{83CE1508-56D5-4028-B14D-2DE3D224F09E}.Debug|Any CPU.ActiveCfg = Debug|Any CPU
		{83CE1508-56D5-4028-B14D-2DE3D224F09E}.Debug|Any CPU.Build.0 = Debug|Any CPU
		{83CE1508-56D5-4028-B14D-2DE3D224F09E}.Release|Any CPU.ActiveCfg = Release|Any CPU
		{83CE1508-56D5-4028-B14D-2DE3D224F09E}.Release|Any CPU.Build.0 = Release|Any CPU
		{60952B83-81D4-4FCE-8F75-25E5D8BDFBDC}.Debug|Any CPU.ActiveCfg = Debug|Any CPU
		{60952B83-81D4-4FCE-8F75-25E5D8BDFBDC}.Debug|Any CPU.Build.0 = Debug|Any CPU
		{60952B83-81D4-4FCE-8F75-25E5D8BDFBDC}.Release|Any CPU.ActiveCfg = Release|Any CPU
		{60952B83-81D4-4FCE-8F75-25E5D8BDFBDC}.Release|Any CPU.Build.0 = Release|Any CPU
		{EE754908-FF8D-4FF4-A3F5-10173A547AA7}.Debug|Any CPU.ActiveCfg = Debug|Any CPU
		{EE754908-FF8D-4FF4-A3F5-10173A547AA7}.Debug|Any CPU.Build.0 = Debug|Any CPU
		{EE754908-FF8D-4FF4-A3F5-10173A547AA7}.Release|Any CPU.ActiveCfg = Release|Any CPU
		{EE754908-FF8D-4FF4-A3F5-10173A547AA7}.Release|Any CPU.Build.0 = Release|Any CPU
		{C9412FC0-F307-4D50-BCEC-DB6E95A1CC53}.Debug|Any CPU.ActiveCfg = Debug|Any CPU
		{C9412FC0-F307-4D50-BCEC-DB6E95A1CC53}.Debug|Any CPU.Build.0 = Debug|Any CPU
		{C9412FC0-F307-4D50-BCEC-DB6E95A1CC53}.Release|Any CPU.ActiveCfg = Release|Any CPU
		{C9412FC0-F307-4D50-BCEC-DB6E95A1CC53}.Release|Any CPU.Build.0 = Release|Any CPU
		{1B375694-27DF-41A7-8F66-96072A86F808}.Debug|Any CPU.ActiveCfg = Debug|Any CPU
		{1B375694-27DF-41A7-8F66-96072A86F808}.Debug|Any CPU.Build.0 = Debug|Any CPU
		{1B375694-27DF-41A7-8F66-96072A86F808}.Release|Any CPU.ActiveCfg = Release|Any CPU
		{1B375694-27DF-41A7-8F66-96072A86F808}.Release|Any CPU.Build.0 = Release|Any CPU
		{AD92E438-4842-4C74-84F2-F43F59A10D58}.Debug|Any CPU.ActiveCfg = Debug|Any CPU
		{AD92E438-4842-4C74-84F2-F43F59A10D58}.Debug|Any CPU.Build.0 = Debug|Any CPU
		{AD92E438-4842-4C74-84F2-F43F59A10D58}.Release|Any CPU.ActiveCfg = Release|Any CPU
		{AD92E438-4842-4C74-84F2-F43F59A10D58}.Release|Any CPU.Build.0 = Release|Any CPU
		{0E34DD22-2D74-4062-B3BC-EA7DB00C2B84}.Debug|Any CPU.ActiveCfg = Debug|Any CPU
		{0E34DD22-2D74-4062-B3BC-EA7DB00C2B84}.Debug|Any CPU.Build.0 = Debug|Any CPU
		{0E34DD22-2D74-4062-B3BC-EA7DB00C2B84}.Release|Any CPU.ActiveCfg = Release|Any CPU
		{0E34DD22-2D74-4062-B3BC-EA7DB00C2B84}.Release|Any CPU.Build.0 = Release|Any CPU
		{68AFDABA-0B51-46A4-BEC9-40F454E01D47}.Debug|Any CPU.ActiveCfg = Debug|Any CPU
		{68AFDABA-0B51-46A4-BEC9-40F454E01D47}.Debug|Any CPU.Build.0 = Debug|Any CPU
		{68AFDABA-0B51-46A4-BEC9-40F454E01D47}.Release|Any CPU.ActiveCfg = Release|Any CPU
		{68AFDABA-0B51-46A4-BEC9-40F454E01D47}.Release|Any CPU.Build.0 = Release|Any CPU
		{DC28D1EA-6429-480E-A296-C6AB8FF797AF}.Debug|Any CPU.ActiveCfg = Debug|Any CPU
		{DC28D1EA-6429-480E-A296-C6AB8FF797AF}.Debug|Any CPU.Build.0 = Debug|Any CPU
		{DC28D1EA-6429-480E-A296-C6AB8FF797AF}.Release|Any CPU.ActiveCfg = Release|Any CPU
		{DC28D1EA-6429-480E-A296-C6AB8FF797AF}.Release|Any CPU.Build.0 = Release|Any CPU
		{BBA4858A-B107-4004-B4F9-9242496E9665}.Debug|Any CPU.ActiveCfg = Debug|Any CPU
		{BBA4858A-B107-4004-B4F9-9242496E9665}.Debug|Any CPU.Build.0 = Debug|Any CPU
		{BBA4858A-B107-4004-B4F9-9242496E9665}.Release|Any CPU.ActiveCfg = Release|Any CPU
		{BBA4858A-B107-4004-B4F9-9242496E9665}.Release|Any CPU.Build.0 = Release|Any CPU
		{AE0121B2-43B4-4A12-98DB-E848C7BB9D3C}.Debug|Any CPU.ActiveCfg = Debug|Any CPU
		{AE0121B2-43B4-4A12-98DB-E848C7BB9D3C}.Debug|Any CPU.Build.0 = Debug|Any CPU
		{AE0121B2-43B4-4A12-98DB-E848C7BB9D3C}.Release|Any CPU.ActiveCfg = Release|Any CPU
		{AE0121B2-43B4-4A12-98DB-E848C7BB9D3C}.Release|Any CPU.Build.0 = Release|Any CPU
		{80E4D7BC-60E4-42BE-A135-216944BCA55E}.Debug|Any CPU.ActiveCfg = Debug|Any CPU
		{80E4D7BC-60E4-42BE-A135-216944BCA55E}.Debug|Any CPU.Build.0 = Debug|Any CPU
		{80E4D7BC-60E4-42BE-A135-216944BCA55E}.Release|Any CPU.ActiveCfg = Release|Any CPU
		{80E4D7BC-60E4-42BE-A135-216944BCA55E}.Release|Any CPU.Build.0 = Release|Any CPU
		{206026CE-849A-4656-AAD2-C871AF80CA2C}.Debug|Any CPU.ActiveCfg = Debug|Any CPU
		{206026CE-849A-4656-AAD2-C871AF80CA2C}.Debug|Any CPU.Build.0 = Debug|Any CPU
		{206026CE-849A-4656-AAD2-C871AF80CA2C}.Release|Any CPU.ActiveCfg = Release|Any CPU
		{206026CE-849A-4656-AAD2-C871AF80CA2C}.Release|Any CPU.Build.0 = Release|Any CPU
	EndGlobalSection
	GlobalSection(SolutionProperties) = preSolution
		HideSolutionNode = FALSE
	EndGlobalSection
	GlobalSection(NestedProjects) = preSolution
		{3CA60B8D-6700-46D7-8FEF-E7D947F08DD7} = {BA9B0999-A11B-4D6E-8780-A18588A6B532}
		{DB863973-4DD3-44FA-8D54-8BF3590A4F34} = {BA9B0999-A11B-4D6E-8780-A18588A6B532}
		{B13B3B73-5730-4A75-8C19-F3378E8B91E8} = {BA9B0999-A11B-4D6E-8780-A18588A6B532}
		{39034758-94EB-4021-AE20-2CB3D5AC27CD} = {9C229CF1-1C85-4912-99E9-EC9C5FB4FFBE}
		{E4584429-F478-462C-A74F-D0BEB07B4D44} = {02EA681E-C7D8-13C7-8484-4AC65E1B71E8}
		{1E48864B-B20F-49E7-9653-4B9E2084AE53} = {E4584429-F478-462C-A74F-D0BEB07B4D44}
		{A7971E70-C009-4A70-BDE0-A81C432FE1CE} = {E4584429-F478-462C-A74F-D0BEB07B4D44}
		{0CC48ECA-3482-4824-9283-404679F3F907} = {E4584429-F478-462C-A74F-D0BEB07B4D44}
		{FED4767E-4FE8-41BE-B22E-604630948340} = {E4584429-F478-462C-A74F-D0BEB07B4D44}
		{F075C79B-581D-4AA0-9DDE-925080A1F9CE} = {02EA681E-C7D8-13C7-8484-4AC65E1B71E8}
		{83CE1508-56D5-4028-B14D-2DE3D224F09E} = {F075C79B-581D-4AA0-9DDE-925080A1F9CE}
		{60952B83-81D4-4FCE-8F75-25E5D8BDFBDC} = {F075C79B-581D-4AA0-9DDE-925080A1F9CE}
		{EE754908-FF8D-4FF4-A3F5-10173A547AA7} = {F075C79B-581D-4AA0-9DDE-925080A1F9CE}
		{C9412FC0-F307-4D50-BCEC-DB6E95A1CC53} = {F075C79B-581D-4AA0-9DDE-925080A1F9CE}
		{90F3A367-5223-41F7-B4DB-BE152BF9B3D8} = {02EA681E-C7D8-13C7-8484-4AC65E1B71E8}
		{1B375694-27DF-41A7-8F66-96072A86F808} = {90F3A367-5223-41F7-B4DB-BE152BF9B3D8}
		{AD92E438-4842-4C74-84F2-F43F59A10D58} = {90F3A367-5223-41F7-B4DB-BE152BF9B3D8}
		{0E34DD22-2D74-4062-B3BC-EA7DB00C2B84} = {90F3A367-5223-41F7-B4DB-BE152BF9B3D8}
		{68AFDABA-0B51-46A4-BEC9-40F454E01D47} = {90F3A367-5223-41F7-B4DB-BE152BF9B3D8}
		{206026CE-849A-4656-AAD2-C871AF80CA2C} = {BA9B0999-A11B-4D6E-8780-A18588A6B532}
	EndGlobalSection
	GlobalSection(ExtensibilityGlobals) = postSolution
		SolutionGuid = {A3D1115E-655A-4FAD-A3AF-3AE9A2E13BCC}
	EndGlobalSection
EndGlobal
